
Microsoft Visual Studio Solution File, Format Version 12.00
# Visual Studio 15
VisualStudioVersion = 15.0.27428.1
MinimumVisualStudioVersion = 10.0.40219.1
Project("{FAE04EC0-301F-11D3-BF4B-00C04F79EFBC}") = "Optimal Matrix Chain Multiplication", "Optimal Matrix Chain Multiplication\Optimal Matrix Chain Multiplication.csproj", "{643496FE-B9D9-4F2F-A1F7-8E0DF2ACBFA0}"
EndProject
Global
	GlobalSection(SolutionConfigurationPlatforms) = preSolution
		Debug|Any CPU = Debug|Any CPU
		Release|Any CPU = Release|Any CPU
	EndGlobalSection
	GlobalSection(ProjectConfigurationPlatforms) = postSolution
		{643496FE-B9D9-4F2F-A1F7-8E0DF2ACBFA0}.Debug|Any CPU.ActiveCfg = Debug|Any CPU
		{643496FE-B9D9-4F2F-A1F7-8E0DF2ACBFA0}.Debug|Any CPU.Build.0 = Debug|Any CPU
		{643496FE-B9D9-4F2F-A1F7-8E0DF2ACBFA0}.Release|Any CPU.ActiveCfg = Release|Any CPU
		{643496FE-B9D9-4F2F-A1F7-8E0DF2ACBFA0}.Release|Any CPU.Build.0 = Release|Any CPU
	EndGlobalSection
	GlobalSection(SolutionProperties) = preSolution
		HideSolutionNode = FALSE
	EndGlobalSection
	GlobalSection(ExtensibilityGlobals) = postSolution
		SolutionGuid = {44EF6595-17C6-47B7-9E28-3B9763723D0A}
	EndGlobalSection
EndGlobal
