
Microsoft Visual Studio Solution File, Format Version 12.00
# Visual Studio 15
VisualStudioVersion = 15.0.27428.1
MinimumVisualStudioVersion = 10.0.40219.1
Project("{FAE04EC0-301F-11D3-BF4B-00C04F79EFBC}") = "LCS Dynamic Programming", "LCS Dynamic Programming\LCS Dynamic Programming.csproj", "{6ECF5371-AA5F-4E55-9F55-4235C7F3CD05}"
EndProject
Global
	GlobalSection(SolutionConfigurationPlatforms) = preSolution
		Debug|Any CPU = Debug|Any CPU
		Release|Any CPU = Release|Any CPU
	EndGlobalSection
	GlobalSection(ProjectConfigurationPlatforms) = postSolution
		{6ECF5371-AA5F-4E55-9F55-4235C7F3CD05}.Debug|Any CPU.ActiveCfg = Debug|Any CPU
		{6ECF5371-AA5F-4E55-9F55-4235C7F3CD05}.Debug|Any CPU.Build.0 = Debug|Any CPU
		{6ECF5371-AA5F-4E55-9F55-4235C7F3CD05}.Release|Any CPU.ActiveCfg = Release|Any CPU
		{6ECF5371-AA5F-4E55-9F55-4235C7F3CD05}.Release|Any CPU.Build.0 = Release|Any CPU
	EndGlobalSection
	GlobalSection(SolutionProperties) = preSolution
		HideSolutionNode = FALSE
	EndGlobalSection
	GlobalSection(ExtensibilityGlobals) = postSolution
		SolutionGuid = {B543197B-0126-476E-B6FC-2C79456A2A53}
	EndGlobalSection
EndGlobal
